<?xml version="1.0" encoding="utf-8"?>
<Project ToolsVersion="4.0" xmlns="http://schemas.microsoft.com/developer/msbuild/2003">
  <ItemGroup>
    <Filter Include="Fichiers sources">
      <UniqueIdentifier>{4FC737F1-C7A5-4376-A066-2A32D752A2FF}</UniqueIdentifier>
      <Extensions>cpp;c;cc;cxx;def;odl;idl;hpj;bat;asm;asmx</Extensions>
    </Filter>
    <Filter Include="Fichiers d%27en-tête">
      <UniqueIdentifier>{93995380-89BD-4b04-88EB-625FBE52EBFB}</UniqueIdentifier>
      <Extensions>h;hh;hpp;hxx;hm;inl;inc;ipp;xsd</Extensions>
    </Filter>
    <Filter Include="Fichiers de ressources">
      <UniqueIdentifier>{67DA6AB6-F800-4c08-8B7A-83BB121AAD01}</UniqueIdentifier>
      <Extensions>rc;ico;cur;bmp;dlg;rc2;rct;bin;rgs;gif;jpg;jpeg;jpe;resx;tiff;tif;png;wav;mfcribbon-ms</Extensions>
    </Filter>
    <Filter Include="Fichiers sources\extern">
      <UniqueIdentifier>{f19cdb9b-0949-45d8-82a6-87b213675cab}</UniqueIdentifier>
    </Filter>
    <Filter Include="Fichiers d%27en-tête\filesystem">
      <UniqueIdentifier>{d1839607-94b2-4d84-a427-d969921e73a4}</UniqueIdentifier>
    </Filter>
    <Filter Include="Fichiers sources\filesystem">
      <UniqueIdentifier>{9f212adf-204c-4f70-bf31-71b32a538d96}</UniqueIdentifier>
    </Filter>
    <Filter Include="Fichiers d%27en-tête\renderer">
      <UniqueIdentifier>{f154ab1e-0010-4dc8-a554-491e7b7d8a04}</UniqueIdentifier>
    </Filter>
    <Filter Include="Fichiers sources\renderer">
      <UniqueIdentifier>{ac88266e-070e-49c9-811b-abba412ee99d}</UniqueIdentifier>
    </Filter>
    <Filter Include="Fichiers d%27en-tête\utils">
      <UniqueIdentifier>{fde296fc-4c92-404a-80b2-497cc8465c06}</UniqueIdentifier>
    </Filter>
    <Filter Include="Fichiers sources\utils">
      <UniqueIdentifier>{8c06ed54-bda8-409a-a35e-760c447cecec}</UniqueIdentifier>
    </Filter>
    <Filter Include="assets">
      <UniqueIdentifier>{f4c13abf-ad21-47a1-95d4-41ef00059d3f}</UniqueIdentifier>
    </Filter>
    <Filter Include="Fichiers d%27en-tête\maths">
      <UniqueIdentifier>{9cd58380-643d-4376-901f-91b8dd67ea78}</UniqueIdentifier>
    </Filter>
    <Filter Include="Other">
      <UniqueIdentifier>{79aae063-711f-4e75-a28e-ef48601ad67b}</UniqueIdentifier>
    </Filter>
    <Filter Include="Fichiers d%27en-tête\game">
      <UniqueIdentifier>{35ee1782-dc29-45fe-932b-9ccc1efef6c9}</UniqueIdentifier>
    </Filter>
    <Filter Include="Fichiers d%27en-tête\game\world">
      <UniqueIdentifier>{7b047a75-fb62-4dff-824a-1af9d80fa413}</UniqueIdentifier>
    </Filter>
    <Filter Include="Fichiers d%27en-tête\utils\game">
      <UniqueIdentifier>{7bfee950-9045-4c56-a6ed-1f67fb97721b}</UniqueIdentifier>
    </Filter>
    <Filter Include="Fichiers sources\game">
      <UniqueIdentifier>{642c7322-96b8-49a6-8682-00d92251b1a2}</UniqueIdentifier>
    </Filter>
    <Filter Include="Fichiers sources\game\world">
      <UniqueIdentifier>{7659327c-aa1b-4b91-956a-35166dd9802e}</UniqueIdentifier>
    </Filter>
    <Filter Include="Fichiers d%27en-tête\game\world\block">
      <UniqueIdentifier>{0cb2c490-7fbd-4790-b29a-f7f3b70d2a2d}</UniqueIdentifier>
    </Filter>
    <Filter Include="Fichiers d%27en-tête\filesystem\old">
      <UniqueIdentifier>{501d6d2d-08dd-4522-8415-4b7aab012762}</UniqueIdentifier>
    </Filter>
    <Filter Include="Fichiers sources\filesystem\old">
      <UniqueIdentifier>{a390ef8a-e7fc-4b0b-9309-07ebcadb7067}</UniqueIdentifier>
    </Filter>
    <Filter Include="data">
      <UniqueIdentifier>{4b90e477-1fc0-4424-ac7f-ff9f99de9cc2}</UniqueIdentifier>
    </Filter>
    <Filter Include="data\shaders">
      <UniqueIdentifier>{6af847c7-6e15-46ab-b73b-3203356472c2}</UniqueIdentifier>
    </Filter>
  </ItemGroup>
  <ItemGroup>
    <ClCompile Include="src\ul.cpp">
      <Filter>Fichiers sources</Filter>
    </ClCompile>
    <ClCompile Include="src\extern\glad.c">
      <Filter>Fichiers sources\extern</Filter>
    </ClCompile>
    <ClCompile Include="src\filesystem\UlFilesystem.cpp">
      <Filter>Fichiers sources\filesystem</Filter>
    </ClCompile>
    <ClCompile Include="src\utils\ErrorManager.cpp">
      <Filter>Fichiers sources\utils</Filter>
    </ClCompile>
    <ClCompile Include="src\utils\Error.cpp">
      <Filter>Fichiers sources\utils</Filter>
    </ClCompile>
    <ClCompile Include="src\utils\Logger.cpp">
      <Filter>Fichiers sources\utils</Filter>
    </ClCompile>
    <ClCompile Include="src\global.cpp">
      <Filter>Fichiers sources</Filter>
    </ClCompile>
    <ClCompile Include="src\renderer\Shader.cpp">
      <Filter>Fichiers sources\renderer</Filter>
    </ClCompile>
    <ClCompile Include="src\renderer\Camera.cpp">
      <Filter>Fichiers sources\renderer</Filter>
    </ClCompile>
    <ClCompile Include="src\renderer\Renderer.cpp">
      <Filter>Fichiers sources\renderer</Filter>
    </ClCompile>
    <ClCompile Include="src\filesystem\old\AssetLocation.cpp">
      <Filter>Fichiers sources\filesystem\old</Filter>
    </ClCompile>
    <ClCompile Include="src\filesystem\old\AssetsManager.cpp">
      <Filter>Fichiers sources\filesystem\old</Filter>
    </ClCompile>
    <ClCompile Include="src\renderer\Mesh.cpp">
      <Filter>Fichiers sources\renderer</Filter>
    </ClCompile>
    <ClCompile Include="src\renderer\TextRenderer.cpp">
      <Filter>Fichiers sources\renderer</Filter>
    </ClCompile>
    <ClCompile Include="src\renderer\HlMesh.cpp">
      <Filter>Fichiers sources\renderer</Filter>
    </ClCompile>
    <ClCompile Include="src\renderer\RenderGroup.cpp">
      <Filter>Fichiers sources\renderer</Filter>
    </ClCompile>
    <ClCompile Include="src\renderer\Image.cpp">
      <Filter>Fichiers sources\renderer</Filter>
    </ClCompile>
    <ClCompile Include="src\renderer\TextureManager.cpp">
      <Filter>Fichiers sources\renderer</Filter>
    </ClCompile>
    <ClCompile Include="src\game\world\Chunk.cpp">
      <Filter>Fichiers sources\game\world</Filter>
    </ClCompile>
    <ClCompile Include="src\game\world\WorldObject.cpp">
      <Filter>Fichiers sources\game\world</Filter>
    </ClCompile>
  </ItemGroup>
  <ItemGroup>
    <ClInclude Include="src\ul.h">
      <Filter>Fichiers d%27en-tête</Filter>
    </ClInclude>
    <ClInclude Include="src\global.h">
      <Filter>Fichiers d%27en-tête</Filter>
    </ClInclude>
    <ClInclude Include="src\filesystem\UlFilesystem.h">
      <Filter>Fichiers d%27en-tête\filesystem</Filter>
    </ClInclude>
    <ClInclude Include="src\utils\ErrorManager.h">
      <Filter>Fichiers d%27en-tête\utils</Filter>
    </ClInclude>
    <ClInclude Include="src\utils\Error.h">
      <Filter>Fichiers d%27en-tête\utils</Filter>
    </ClInclude>
    <ClInclude Include="src\utils\Utils.h">
      <Filter>Fichiers d%27en-tête\utils</Filter>
    </ClInclude>
    <ClInclude Include="src\utils\Logger.h">
      <Filter>Fichiers d%27en-tête\utils</Filter>
    </ClInclude>
    <ClInclude Include="src\utils\Stream.h">
      <Filter>Fichiers d%27en-tête\utils</Filter>
    </ClInclude>
    <ClInclude Include="src\kPreprocessor.h">
      <Filter>Fichiers d%27en-tête</Filter>
    </ClInclude>
    <ClInclude Include="src\utils\debug.h">
      <Filter>Fichiers d%27en-tête\utils</Filter>
    </ClInclude>
    <ClInclude Include="src\renderer\Camera.h">
      <Filter>Fichiers d%27en-tête\renderer</Filter>
    </ClInclude>
    <ClInclude Include="src\renderer\Image.h">
      <Filter>Fichiers d%27en-tête\renderer</Filter>
    </ClInclude>
    <ClInclude Include="src\renderer\Shader.h">
      <Filter>Fichiers d%27en-tête\renderer</Filter>
    </ClInclude>
    <ClInclude Include="src\renderer\Renderer.h">
      <Filter>Fichiers d%27en-tête\renderer</Filter>
    </ClInclude>
    <ClInclude Include="src\renderer\StaticVertices.h">
      <Filter>Fichiers d%27en-tête\renderer</Filter>
    </ClInclude>
    <ClInclude Include="src\renderer\Mesh.h">
      <Filter>Fichiers d%27en-tête\renderer</Filter>
    </ClInclude>
    <ClInclude Include="src\renderer\RenderGroup.h">
      <Filter>Fichiers d%27en-tête\renderer</Filter>
    </ClInclude>
    <ClInclude Include="src\utils\EventListener.h">
      <Filter>Fichiers d%27en-tête\utils</Filter>
    </ClInclude>
    <ClInclude Include="src\utils\EventThrower.h">
      <Filter>Fichiers d%27en-tête\utils</Filter>
    </ClInclude>
    <ClInclude Include="src\utils\Event.h">
      <Filter>Fichiers d%27en-tête\utils</Filter>
    </ClInclude>
    <ClInclude Include="src\maths\Vec.h">
      <Filter>Fichiers d%27en-tête\maths</Filter>
    </ClInclude>
    <ClInclude Include="src\utils\ProxyBind.h">
      <Filter>Fichiers d%27en-tête\utils</Filter>
    </ClInclude>
    <ClInclude Include="src\utils\TypeTraits.h">
      <Filter>Fichiers d%27en-tête\utils</Filter>
    </ClInclude>
    <ClInclude Include="src\game\world\World.h">
      <Filter>Fichiers d%27en-tête\game\world</Filter>
    </ClInclude>
    <ClInclude Include="src\utils\StringUtils.h">
      <Filter>Fichiers d%27en-tête\utils</Filter>
    </ClInclude>
    <ClInclude Include="src\utils\Types.h">
      <Filter>Fichiers d%27en-tête\utils</Filter>
    </ClInclude>
    <ClInclude Include="src\game\world\Chunk.h">
      <Filter>Fichiers d%27en-tête\game\world</Filter>
    </ClInclude>
    <ClInclude Include="src\game\world\Constants.h">
      <Filter>Fichiers d%27en-tête\game\world</Filter>
    </ClInclude>
    <ClInclude Include="src\game\GameObject.h">
      <Filter>Fichiers d%27en-tête\game</Filter>
    </ClInclude>
    <ClInclude Include="src\game\world\WorldObject.h">
      <Filter>Fichiers d%27en-tête\game\world</Filter>
    </ClInclude>
    <ClInclude Include="src\game\world\block\Block.h">
      <Filter>Fichiers d%27en-tête\game\world\block</Filter>
    </ClInclude>
    <ClInclude Include="src\game\fwd.h">
      <Filter>Fichiers d%27en-tête\game</Filter>
    </ClInclude>
    <ClInclude Include="src\game\Instanciable.h">
      <Filter>Fichiers d%27en-tête\game</Filter>
    </ClInclude>
    <ClInclude Include="src\game\Utils.h">
      <Filter>Fichiers d%27en-tête\game</Filter>
    </ClInclude>
    <ClInclude Include="src\game\Position.h">
      <Filter>Fichiers d%27en-tête\game</Filter>
    </ClInclude>
    <ClInclude Include="src\game\world\InstancedObject.h">
      <Filter>Fichiers d%27en-tête\game</Filter>
    </ClInclude>
    <ClInclude Include="src\filesystem\old\Asset.h">
      <Filter>Fichiers d%27en-tête\filesystem\old</Filter>
    </ClInclude>
    <ClInclude Include="src\filesystem\old\AssetLocation.h">
      <Filter>Fichiers d%27en-tête\filesystem\old</Filter>
    </ClInclude>
    <ClInclude Include="src\filesystem\old\AssetRessourceType.h">
      <Filter>Fichiers d%27en-tête\filesystem\old</Filter>
    </ClInclude>
    <ClInclude Include="src\filesystem\old\AssetsManager.h">
      <Filter>Fichiers d%27en-tête\filesystem\old</Filter>
    </ClInclude>
    <ClInclude Include="src\filesystem\AssetsManager.h">
      <Filter>Fichiers d%27en-tête\filesystem</Filter>
    </ClInclude>
    <ClInclude Include="src\renderer\HlMesh.h">
      <Filter>Fichiers d%27en-tête\renderer</Filter>
    </ClInclude>
    <ClInclude Include="src\renderer\TextRenderer.h">
      <Filter>Fichiers d%27en-tête\renderer</Filter>
    </ClInclude>
    <ClInclude Include="src\maths\Maths.h">
      <Filter>Fichiers d%27en-tête\maths</Filter>
    </ClInclude>
    <ClInclude Include="src\renderer\TextureManager.h">
      <Filter>Fichiers d%27en-tête\renderer</Filter>
    </ClInclude>
    <ClInclude Include="src\renderer\HlMeshFace.h">
      <Filter>Fichiers d%27en-tête\renderer</Filter>
    </ClInclude>
  </ItemGroup>
  <ItemGroup>
    <None Include="assets\shaders\vertex.glsl">
      <Filter>assets</Filter>
    </None>
    <None Include="assets\shaders\fragment.glsl">
      <Filter>assets</Filter>
    </None>
    <None Include="src\game\Utils.inl">
      <Filter>Fichiers sources\game</Filter>
    </None>
    <None Include="src\filesystem\AssetsManager.inl">
      <Filter>Fichiers sources\filesystem</Filter>
    </None>
    <None Include="Data\shaders\fragment.glsl">
      <Filter>data\shaders</Filter>
    </None>
    <None Include="Data\shaders\vertex.glsl">
      <Filter>data\shaders</Filter>
    </None>
    <None Include="Data\shaders\text.vs">
      <Filter>data\shaders</Filter>
    </None>
    <None Include="Data\shaders\text.fs">
      <Filter>data\shaders</Filter>
    </None>
  </ItemGroup>
  <ItemGroup>
    <Text Include="todo.txt">
      <Filter>Other</Filter>
    </Text>
  </ItemGroup>
</Project>